<?xml version="1.0" encoding="utf-8"?>
<Project ToolsVersion="4.0" xmlns="http://schemas.microsoft.com/developer/msbuild/2003">
  <ItemGroup>
    <ClInclude Include="pch.h" />
    <ClInclude Include="IGameApp.h" />
    <ClInclude Include="GameCore.h" />
    <ClInclude Include="StepTimer.h">
      <Filter>Common</Filter>
    </ClInclude>
    <ClInclude Include="DeviceResources.h">
      <Filter>Common</Filter>
    </ClInclude>
    <ClInclude Include="FileUtility.h">
      <Filter>Helpers</Filter>
    </ClInclude>
    <ClInclude Include="IGameObject.h" />
    <ClInclude Include="CommandLineArg.h">
      <Filter>Helpers</Filter>
    </ClInclude>
    <ClInclude Include="GameInput.h" />
    <ClInclude Include="CameraController.h">
      <Filter>Camera</Filter>
    </ClInclude>
    <ClInclude Include="Camera.h">
      <Filter>Camera</Filter>
    </ClInclude>
    <ClInclude Include="FreeLookCameraController.h">
      <Filter>Camera</Filter>
    </ClInclude>
    <ClInclude Include="Block.h">
      <Filter>GameObject</Filter>
    </ClInclude>
    <ClInclude Include="Chunk.h">
      <Filter>GameObject</Filter>
    </ClInclude>
    <ClInclude Include="Content\ShaderStructures.h">
      <Filter>Content</Filter>
    </ClInclude>
    <ClInclude Include="ChuckManager.h">
      <Filter>GameObject</Filter>
    </ClInclude>
  </ItemGroup>
  <ItemGroup>
    <ClCompile Include="pch.cpp" />
    <ClCompile Include="GameCore.cpp" />
    <ClCompile Include="DeviceResources.cpp">
      <Filter>Common</Filter>
    </ClCompile>
    <ClCompile Include="FileUtility.cpp">
      <Filter>Helpers</Filter>
    </ClCompile>
    <ClCompile Include="CommandLineArg.cpp">
      <Filter>Helpers</Filter>
    </ClCompile>
    <ClCompile Include="GameInput.cpp" />
    <ClCompile Include="Camera.cpp">
      <Filter>Camera</Filter>
    </ClCompile>
    <ClCompile Include="FreeLookCameraController.cpp">
      <Filter>Camera</Filter>
    </ClCompile>
    <ClCompile Include="Block.cpp">
      <Filter>GameObject</Filter>
    </ClCompile>
    <ClCompile Include="Chunk.cpp">
      <Filter>GameObject</Filter>
    </ClCompile>
    <ClCompile Include="ChuckManager.cpp">
      <Filter>GameObject</Filter>
    </ClCompile>
  </ItemGroup>
  <ItemGroup>
    <Filter Include="Common">
      <UniqueIdentifier>{3f5cd92e-4673-4a57-873b-a0c2a4a12bde}</UniqueIdentifier>
    </Filter>
    <Filter Include="Helpers">
      <UniqueIdentifier>{7e674c5c-754e-4daf-b606-cca1891f09ea}</UniqueIdentifier>
    </Filter>
    <Filter Include="Camera">
      <UniqueIdentifier>{b7bd0384-cbd6-4caf-aa7b-b6c0adda5134}</UniqueIdentifier>
    </Filter>
    <Filter Include="GameObject">
      <UniqueIdentifier>{ac87ab6f-539d-47c8-a4e5-903c26ddd89e}</UniqueIdentifier>
    </Filter>
    <Filter Include="Content">
      <UniqueIdentifier>{0bf3c2cc-8199-46b9-85ef-c2e24be7fdea}</UniqueIdentifier>
    </Filter>
  </ItemGroup>
  <ItemGroup>
    <FxCompile Include="Content\SamplePixelShader.hlsl">
      <Filter>Content</Filter>
    </FxCompile>
    <FxCompile Include="Content\SampleVertexShader.hlsl">
      <Filter>Content</Filter>
    </FxCompile>
  </ItemGroup>
</Project>