<?xml version="1.0" encoding="utf-8"?>
<Project ToolsVersion="4.0" xmlns="http://schemas.microsoft.com/developer/msbuild/2003">
  <ItemGroup>
    <Filter Include="Assets">
      <UniqueIdentifier>de71a333-2fa1-44be-ac6c-0ab0b4bc1622</UniqueIdentifier>
      <Extensions>ico;cur;bmp;dds;dlg;fbx;rct;bin;rgs;gif;jpg;jpeg;jpe;resx;tga;tiff;tif;png;wav;mfcribbon-ms</Extensions>
    </Filter>
    <Filter Include="Content">
      <UniqueIdentifier>{e9155400-d8d1-4cfc-b6a1-a4aad09720b6}</UniqueIdentifier>
    </Filter>
  </ItemGroup>
  <ItemGroup>
    <ClInclude Include="pch.h" />
    <ClInclude Include="GameDR.h" />
    <ClInclude Include="Content\Sample3DSceneRenderer.h">
      <Filter>Content</Filter>
    </ClInclude>
  </ItemGroup>
  <ItemGroup>
    <ClCompile Include="pch.cpp" />
    <ClCompile Include="GameDR.cpp" />
    <ClCompile Include="Content\Sample3DSceneRenderer.cpp">
      <Filter>Content</Filter>
    </ClCompile>
  </ItemGroup>
  <ItemGroup>
    <Image Include="directx.ico">
      <Filter>Assets</Filter>
    </Image>
  </ItemGroup>
  <ItemGroup>
    <Manifest Include="settings.manifest">
      <Filter>Assets</Filter>
    </Manifest>
  </ItemGroup>
  <ItemGroup>
    <ResourceCompile Include="resource.rc">
      <Filter>Assets</Filter>
    </ResourceCompile>
  </ItemGroup>
</Project>